PODS:
  - Capacitor (5.6.0):
    - CapacitorCordova
  - CapacitorApp (5.0.6):
    - Capacitor
  - CapacitorCordova (5.6.0)
  - HyperTrack (5.5.2)
  - HypertrackSdkIonicCapacitor (3.2.1):
    - Capacitor
    - HyperTrack (= 5.5.2)

DEPENDENCIES:
  - "Capacitor (from `../../node_modules/@capacitor/ios`)"
  - "CapacitorApp (from `../../node_modules/@capacitor/app`)"
  - "CapacitorCordova (from `../../node_modules/@capacitor/ios`)"
  - HypertrackSdkIonicCapacitor (from `../../node_modules/hypertrack-sdk-ionic-capacitor`)

SPEC REPOS:
  trunk:
    - HyperTrack

EXTERNAL SOURCES:
  Capacitor:
    :path: "../../node_modules/@capacitor/ios"
  CapacitorApp:
    :path: "../../node_modules/@capacitor/app"
  CapacitorCordova:
    :path: "../../node_modules/@capacitor/ios"
  HypertrackSdkIonicCapacitor:
    :path: "../../node_modules/hypertrack-sdk-ionic-capacitor"

SPEC CHECKSUMS:
  Capacitor: ebfc16cdb8116d04c101686b080342872da42d43
  CapacitorApp: 024e1b1bea5f883d79f6330d309bc441c88ad04a
  CapacitorCordova: 931b48fcdbc9bc985fc2f16cec9f77c794a27729
  HyperTrack: 581e8610ff62d2c3144e91743a90870b7aff8bc7
  HypertrackSdkIonicCapacitor: e75142276c920f122fc644d146f0e43045c6d29f

PODFILE CHECKSUM: be937eaf53bbbb98f9222cc1b1836915caae3bee

COCOAPODS: 1.15.2
