PODS:
  - Capacitor (7.4.2):
    - CapacitorCordova
  - CapacitorApp (7.0.1):
    - Capacitor
  - CapacitorCordova (7.4.2)
  - HyperTrack (5.11.0)
  - HypertrackSdkIonicCapacitor (4.0.1):
    - Capacitor
    - HyperTrack (= 5.11.0)

DEPENDENCIES:
  - "Capacitor (from `../../node_modules/@capacitor/ios`)"
  - "CapacitorApp (from `../../node_modules/@capacitor/app`)"
  - "CapacitorCordova (from `../../node_modules/@capacitor/ios`)"
  - HypertrackSdkIonicCapacitor (from `../../node_modules/hypertrack-sdk-ionic-capacitor`)

SPEC REPOS:
  trunk:
    - HyperTrack

EXTERNAL SOURCES:
  Capacitor:
    :path: "../../node_modules/@capacitor/ios"
  CapacitorApp:
    :path: "../../node_modules/@capacitor/app"
  CapacitorCordova:
    :path: "../../node_modules/@capacitor/ios"
  HypertrackSdkIonicCapacitor:
    :path: "../../node_modules/hypertrack-sdk-ionic-capacitor"

SPEC CHECKSUMS:
  Capacitor: 9d9e481b79ffaeacaf7a85d6a11adec32bd33b59
  CapacitorApp: febecbb9582cb353aed037e18ec765141f880fe9
  CapacitorCordova: 5e58d04631bc5094894ac106e2bf1da18a9e6151
  HyperTrack: aa6f271e6f9b1339790667c20e281e470531cc21
  HypertrackSdkIonicCapacitor: 093d328df9415cfa035767ab959d9a3fe786f5f7

PODFILE CHECKSUM: 57ea59fc78ab12f615eeae6c9313b8f6f2a2b2c6

COCOAPODS: 1.16.2
