PODS:
  - Capacitor (6.0.0):
    - CapacitorCordova
  - CapacitorApp (6.0.0):
    - Capacitor
  - CapacitorCordova (6.0.0)
  - HyperTrack (5.7.0)
  - HypertrackSdkIonicCapacitor (3.5.0):
    - Capacitor
    - HyperTrack (= 5.7.0)

DEPENDENCIES:
  - "Capacitor (from `../../node_modules/@capacitor/ios`)"
  - "CapacitorApp (from `../../node_modules/@capacitor/app`)"
  - "CapacitorCordova (from `../../node_modules/@capacitor/ios`)"
  - HypertrackSdkIonicCapacitor (from `../../node_modules/hypertrack-sdk-ionic-capacitor`)

SPEC REPOS:
  trunk:
    - HyperTrack

EXTERNAL SOURCES:
  Capacitor:
    :path: "../../node_modules/@capacitor/ios"
  CapacitorApp:
    :path: "../../node_modules/@capacitor/app"
  CapacitorCordova:
    :path: "../../node_modules/@capacitor/ios"
  HypertrackSdkIonicCapacitor:
    :path: "../../node_modules/hypertrack-sdk-ionic-capacitor"

SPEC CHECKSUMS:
  Capacitor: 559d073c4ca6c27f8e7002c807eea94c3ba435a9
  CapacitorApp: 9d53aec7101f7b030a950c5bdc4df8612576b279
  CapacitorCordova: 8c4bfdf69368512e85b1d8b724dd7546abeb30af
  HyperTrack: 755bc0faa935302dfd5e11289b027bff7513bc26
  HypertrackSdkIonicCapacitor: 3100b1db2bac9c1c048e4d232b049700f82be8fc

PODFILE CHECKSUM: be937eaf53bbbb98f9222cc1b1836915caae3bee

COCOAPODS: 1.15.2
